<Solution>
  <Project Path="UMA_Core_Editor.csproj" />
  <Project Path="Assembly-CSharp.csproj" />
  <Project Path="PhotonVoice.API.csproj" />
  <Project Path="Fusion.Unity.Editor.csproj" />
  <Project Path="PhotonRealtime.csproj" />
  <Project Path="UMA_Core.csproj" />
  <Project Path="Unity.XR.Content.Interaction.csproj" />
  <Project Path="Unity.XR.Content.Interaction.Analytics.csproj" />
  <Project Path="VertexForm.GHA.UMA.Runtime.csproj" />
  <Project Path="UMA.Dismemberment.Runtime.csproj" />
  <Project Path="Unity.XR.Hands.Samples.VisualizerSample.csproj" />
  <Project Path="UMA.TexturePaint.Tests.csproj" />
  <Project Path="UMA.TexturePaint.Editor.Tests.csproj" />
  <Project Path="Fusion.Addons.Physics.csproj" />
  <Project Path="VertexForm.GHA.Runtime.csproj" />
  <Project Path="Assembly-CSharp-Editor.csproj" />
  <Project Path="PhotonVoice.csproj" />
  <Project Path="UMA.TexturePaint.Editor.csproj" />
  <Project Path="Unity.XR.Interaction.Toolkit.Samples.SpatialKeyboard.Editor.csproj" />
  <Project Path="Unity.XR.Interaction.Toolkit.Samples.Hands.csproj" />
  <Project Path="UMA.TexturePaint.Runtime.csproj" />
  <Project Path="UMA_Core_Editor_Tests.csproj" />
  <Project Path="UMA_Editor.csproj" />
  <Project Path="Fusion.Unity.csproj" />
  <Project Path="Assembly-CSharp-firstpass.csproj" />
  <Project Path="Unity.XR.Interaction.Toolkit.Samples.StarterAssets.csproj" />
  <Project Path="Unity.XR.Interaction.Toolkit.Samples.SpatialKeyboard.csproj" />
  <Project Path="UMA.Dismemberment.Editor.csproj" />
  <Project Path="ParrelSync.csproj" />
  <Project Path="UMA.TexturePaint.Examples.csproj" />
  <Project Path="PhotonChat.csproj" />
  <Project Path="UMA_Utilities_Editor.csproj" />
  <Project Path="Unity.XR.Interaction.Toolkit.Samples.ARStarterAssets.csproj" />
  <Project Path="UMA.TestRunner.Editor.csproj" />
  <Project Path="PhotonVoice.Fusion.csproj" />
  <Project Path="MicAmplifierEditor.Editor.csproj" />
  <Project Path="Shaderpackager-editor.csproj" />
  <Project Path="NativeGallery.Runtime.csproj" />
  <Project Path="Unity.XR.Interaction.Toolkit.Samples.ARStarterAssets.Editor.csproj" />
  <Project Path="Unity.XR.Interaction.Toolkit.Samples.Hands.Editor.csproj" />
  <Project Path="Unity.XR.Interaction.Toolkit.Samples.StarterAssets.Editor.csproj" />
  <Project Path="Unity.XR.Interaction.Toolkit.Samples.DeviceSimulator.csproj" />
  <Project Path="UMA.Dismemberment.Samples.csproj" />
  <Project Path="Unity.XR.Hands.Samples.Gestures.csproj" />
  <Project Path="UMA.Dismemberment.Editor.Tests.csproj" />
  <Project Path="Fusion.Addons.Physics.Editor.csproj" />
  <Project Path="Voice.FMOD.Editor.csproj" />
  <Project Path="NativeGallery.Editor.csproj" />
  <Project Path="UMA.PackageSupport.Editor.csproj" />
  <Project Path="PhotonVoice.Editor.csproj" />
  <Project Path="Unity.Fusion.CodeGen.csproj" />
  <Project Path="UMA_Core_Runtime_Tests.csproj" />
  <Project Path="PhotonVoice.Utilities.Editor.csproj" />
  <Project Path="PhotonVoice.Fusion.Editor.csproj" />
  <Project Path="UMA.TexturePaint.Sprite.Editor.csproj" />
</Solution>
